
Microsoft Visual Studio Solution File, Format Version 12.00
# Visual Studio Version 17
VisualStudioVersion = 17.1.32210.238
MinimumVisualStudioVersion = 10.0.40219.1
Project("{FAE04EC0-301F-11D3-BF4B-00C04F79EFBC}") = "Proekt", "Proekt\Proekt.csproj", "{317D35DA-3571-4B42-A5E2-708489EE60F5}"
EndProject
Global
	GlobalSection(SolutionConfigurationPlatforms) = preSolution
		Debug|Any CPU = Debug|Any CPU
		Release|Any CPU = Release|Any CPU
	EndGlobalSection
	GlobalSection(ProjectConfigurationPlatforms) = postSolution
		{317D35DA-3571-4B42-A5E2-708489EE60F5}.Debug|Any CPU.ActiveCfg = Debug|Any CPU
		{317D35DA-3571-4B42-A5E2-708489EE60F5}.Debug|Any CPU.Build.0 = Debug|Any CPU
		{317D35DA-3571-4B42-A5E2-708489EE60F5}.Release|Any CPU.ActiveCfg = Release|Any CPU
		{317D35DA-3571-4B42-A5E2-708489EE60F5}.Release|Any CPU.Build.0 = Release|Any CPU
	EndGlobalSection
	GlobalSection(SolutionProperties) = preSolution
		HideSolutionNode = FALSE
	EndGlobalSection
	GlobalSection(ExtensibilityGlobals) = postSolution
		SolutionGuid = {A0F6C549-9253-4733-B135-36C4E844660E}
	EndGlobalSection
EndGlobal
